
Microsoft Visual Studio Solution File, Format Version 12.00
# Visual Studio Version 17
VisualStudioVersion = 17.6.33801.468
MinimumVisualStudioVersion = 10.0.40219.1
Project("{FAE04EC0-301F-11D3-BF4B-00C04F79EFBC}") = "Backend-wt15", "Backend-wt15\Backend-wt15.csproj", "{315C4A2A-E2C5-42E9-B6C2-A0206BEA0401}"
EndProject
Global
	GlobalSection(SolutionConfigurationPlatforms) = preSolution
		Debug|Any CPU = Debug|Any CPU
		Release|Any CPU = Release|Any CPU
	EndGlobalSection
	GlobalSection(ProjectConfigurationPlatforms) = postSolution
		{315C4A2A-E2C5-42E9-B6C2-A0206BEA0401}.Debug|Any CPU.ActiveCfg = Debug|Any CPU
		{315C4A2A-E2C5-42E9-B6C2-A0206BEA0401}.Debug|Any CPU.Build.0 = Debug|Any CPU
		{315C4A2A-E2C5-42E9-B6C2-A0206BEA0401}.Release|Any CPU.ActiveCfg = Release|Any CPU
		{315C4A2A-E2C5-42E9-B6C2-A0206BEA0401}.Release|Any CPU.Build.0 = Release|Any CPU
	EndGlobalSection
	GlobalSection(SolutionProperties) = preSolution
		HideSolutionNode = FALSE
	EndGlobalSection
	GlobalSection(ExtensibilityGlobals) = postSolution
		SolutionGuid = {E8FA94F0-938D-42B1-B39D-E803EA37D3B8}
	EndGlobalSection
EndGlobal
